
Microsoft Visual Studio Solution File, Format Version 12.00
# Visual Studio Version 17
VisualStudioVersion = 17.14.36212.18 d17.14
MinimumVisualStudioVersion = 10.0.40219.1
Project("{FAE04EC0-301F-11D3-BF4B-00C04F79EFBC}") = "husain_haider_OOP_Excercise", "husain_haider_OOP_Excercise\husain_haider_OOP_Excercise.csproj", "{EFFEA9C3-F1B7-4418-B7B0-7CC328010290}"
EndProject
Global
	GlobalSection(SolutionConfigurationPlatforms) = preSolution
		Debug|Any CPU = Debug|Any CPU
		Release|Any CPU = Release|Any CPU
	EndGlobalSection
	GlobalSection(ProjectConfigurationPlatforms) = postSolution
		{EFFEA9C3-F1B7-4418-B7B0-7CC328010290}.Debug|Any CPU.ActiveCfg = Debug|Any CPU
		{EFFEA9C3-F1B7-4418-B7B0-7CC328010290}.Debug|Any CPU.Build.0 = Debug|Any CPU
		{EFFEA9C3-F1B7-4418-B7B0-7CC328010290}.Release|Any CPU.ActiveCfg = Release|Any CPU
		{EFFEA9C3-F1B7-4418-B7B0-7CC328010290}.Release|Any CPU.Build.0 = Release|Any CPU
	EndGlobalSection
	GlobalSection(SolutionProperties) = preSolution
		HideSolutionNode = FALSE
	EndGlobalSection
	GlobalSection(ExtensibilityGlobals) = postSolution
		SolutionGuid = {3FE976C6-0018-482D-B660-192F540B3065}
	EndGlobalSection
EndGlobal
